
Microsoft Visual Studio Solution File, Format Version 12.00
# Visual Studio 15
VisualStudioVersion = 15.0.26430.6
MinimumVisualStudioVersion = 10.0.40219.1
Project("{FAE04EC0-301F-11D3-BF4B-00C04F79EFBC}") = "TcpUtility", "TcpUtility\TcpUtility.csproj", "{8FF3ABC9-422C-43D3-BF18-81A0F4A37C49}"
EndProject
Project("{FAE04EC0-301F-11D3-BF4B-00C04F79EFBC}") = "TestApp", "TestApp\TestApp.csproj", "{87FE4AEB-26BE-4D41-91CA-F4DD1A9A829D}"
EndProject
Project("{FAE04EC0-301F-11D3-BF4B-00C04F79EFBC}") = "TcpUtility.Tests.Unit", "TcpUtility.Tests.Unit\TcpUtility.Tests.Unit.csproj", "{15DB1D64-7177-44B5-8CF1-FAFBA297CE3E}"
EndProject
Project("{FAE04EC0-301F-11D3-BF4B-00C04F79EFBC}") = "TestClientApp", "TestClientApp\TestClientApp.csproj", "{5A2EA1E7-322D-4794-A4A8-D5DC5D79B392}"
EndProject
Project("{FAE04EC0-301F-11D3-BF4B-00C04F79EFBC}") = "TestProxyApp", "TestProxyApp\TestProxyApp.csproj", "{8DBE12F0-99BE-473B-BA6F-D2CF48DF7301}"
EndProject
Global
	GlobalSection(SolutionConfigurationPlatforms) = preSolution
		Debug|Any CPU = Debug|Any CPU
		Release|Any CPU = Release|Any CPU
	EndGlobalSection
	GlobalSection(ProjectConfigurationPlatforms) = postSolution
		{8FF3ABC9-422C-43D3-BF18-81A0F4A37C49}.Debug|Any CPU.ActiveCfg = Debug|Any CPU
		{8FF3ABC9-422C-43D3-BF18-81A0F4A37C49}.Debug|Any CPU.Build.0 = Debug|Any CPU
		{8FF3ABC9-422C-43D3-BF18-81A0F4A37C49}.Release|Any CPU.ActiveCfg = Release|Any CPU
		{8FF3ABC9-422C-43D3-BF18-81A0F4A37C49}.Release|Any CPU.Build.0 = Release|Any CPU
		{87FE4AEB-26BE-4D41-91CA-F4DD1A9A829D}.Debug|Any CPU.ActiveCfg = Debug|Any CPU
		{87FE4AEB-26BE-4D41-91CA-F4DD1A9A829D}.Debug|Any CPU.Build.0 = Debug|Any CPU
		{87FE4AEB-26BE-4D41-91CA-F4DD1A9A829D}.Release|Any CPU.ActiveCfg = Release|Any CPU
		{87FE4AEB-26BE-4D41-91CA-F4DD1A9A829D}.Release|Any CPU.Build.0 = Release|Any CPU
		{15DB1D64-7177-44B5-8CF1-FAFBA297CE3E}.Debug|Any CPU.ActiveCfg = Debug|Any CPU
		{15DB1D64-7177-44B5-8CF1-FAFBA297CE3E}.Debug|Any CPU.Build.0 = Debug|Any CPU
		{15DB1D64-7177-44B5-8CF1-FAFBA297CE3E}.Release|Any CPU.ActiveCfg = Release|Any CPU
		{15DB1D64-7177-44B5-8CF1-FAFBA297CE3E}.Release|Any CPU.Build.0 = Release|Any CPU
		{5A2EA1E7-322D-4794-A4A8-D5DC5D79B392}.Debug|Any CPU.ActiveCfg = Debug|Any CPU
		{5A2EA1E7-322D-4794-A4A8-D5DC5D79B392}.Debug|Any CPU.Build.0 = Debug|Any CPU
		{5A2EA1E7-322D-4794-A4A8-D5DC5D79B392}.Release|Any CPU.ActiveCfg = Release|Any CPU
		{5A2EA1E7-322D-4794-A4A8-D5DC5D79B392}.Release|Any CPU.Build.0 = Release|Any CPU
		{8DBE12F0-99BE-473B-BA6F-D2CF48DF7301}.Debug|Any CPU.ActiveCfg = Debug|Any CPU
		{8DBE12F0-99BE-473B-BA6F-D2CF48DF7301}.Debug|Any CPU.Build.0 = Debug|Any CPU
		{8DBE12F0-99BE-473B-BA6F-D2CF48DF7301}.Release|Any CPU.ActiveCfg = Release|Any CPU
		{8DBE12F0-99BE-473B-BA6F-D2CF48DF7301}.Release|Any CPU.Build.0 = Release|Any CPU
	EndGlobalSection
	GlobalSection(SolutionProperties) = preSolution
		HideSolutionNode = FALSE
	EndGlobalSection
EndGlobal
